
Microsoft Visual Studio Solution File, Format Version 12.00
# Visual Studio Version 16
VisualStudioVersion = 16.0.31702.278
MinimumVisualStudioVersion = 10.0.40219.1
Project("{8BC9CEB8-8B4A-11D0-8D11-00A0C91BC942}") = "IschemiaCell-1b", "IschemiaCell-1b.vcxproj", "{80CA7BE8-5B7F-491F-93EE-B03E2D058479}"
EndProject
Global
	GlobalSection(SolutionConfigurationPlatforms) = preSolution
		Debug|x64 = Debug|x64
		Debug|x86 = Debug|x86
		Release|x64 = Release|x64
		Release|x86 = Release|x86
	EndGlobalSection
	GlobalSection(ProjectConfigurationPlatforms) = postSolution
		{80CA7BE8-5B7F-491F-93EE-B03E2D058479}.Debug|x64.ActiveCfg = Debug|x64
		{80CA7BE8-5B7F-491F-93EE-B03E2D058479}.Debug|x64.Build.0 = Debug|x64
		{80CA7BE8-5B7F-491F-93EE-B03E2D058479}.Debug|x86.ActiveCfg = Debug|Win32
		{80CA7BE8-5B7F-491F-93EE-B03E2D058479}.Debug|x86.Build.0 = Debug|Win32
		{80CA7BE8-5B7F-491F-93EE-B03E2D058479}.Release|x64.ActiveCfg = Release|x64
		{80CA7BE8-5B7F-491F-93EE-B03E2D058479}.Release|x64.Build.0 = Release|x64
		{80CA7BE8-5B7F-491F-93EE-B03E2D058479}.Release|x86.ActiveCfg = Release|Win32
		{80CA7BE8-5B7F-491F-93EE-B03E2D058479}.Release|x86.Build.0 = Release|Win32
	EndGlobalSection
	GlobalSection(SolutionProperties) = preSolution
		HideSolutionNode = FALSE
	EndGlobalSection
	GlobalSection(ExtensibilityGlobals) = postSolution
		SolutionGuid = {2F6221AC-ADC5-4386-884C-6DFFF5E0F068}
	EndGlobalSection
EndGlobal
